// !$*UTF8*$!
{
	archiveVersion = 1;
	classes = {
	};
	objectVersion = 50;
	objects = {

/* Begin PBXBuildFile section */
		FAFAA03D24E0A6C70080F20F /* AppDelegate.swift in Sources */ = {isa = PBXBuildFile; fileRef = FAFAA03C24E0A6C70080F20F /* AppDelegate.swift */; };
		FAFAA03F24E0A6C70080F20F /* SceneDelegate.swift in Sources */ = {isa = PBXBuildFile; fileRef = FAFAA03E24E0A6C70080F20F /* SceneDelegate.swift */; };
		FAFAA04124E0A6C70080F20F /* ContentView.swift in Sources */ = {isa = PBXBuildFile; fileRef = FAFAA04024E0A6C70080F20F /* ContentView.swift */; };
		FAFAA04324E0A6C90080F20F /* Assets.xcassets in Resources */ = {isa = PBXBuildFile; fileRef = FAFAA04224E0A6C90080F20F /* Assets.xcassets */; };
		FAFAA04624E0A6C90080F20F /* Preview Assets.xcassets in Resources */ = {isa = PBXBuildFile; fileRef = FAFAA04524E0A6C90080F20F /* Preview Assets.xcassets */; };
		FAFAA04924E0A6C90080F20F /* LaunchScreen.storyboard in Resources */ = {isa = PBXBuildFile; fileRef = FAFAA04724E0A6C90080F20F /* LaunchScreen.storyboard */; };
/* End PBXBuildFile section */

/* Begin PBXFileReference section */
		FAFAA03924E0A6C70080F20F /* EmojiArt.app */ = {isa = PBXFileReference; explicitFileType = wrapper.application; includeInIndex = 0; path = EmojiArt.app; sourceTree = BUILT_PRODUCTS_DIR; };
		FAFAA03C24E0A6C70080F20F /* AppDelegate.swift */ = {isa = PBXFileReference; lastKnownFileType = sourcecode.swift; path = AppDelegate.swift; sourceTree = "<group>"; };
		FAFAA03E24E0A6C70080F20F /* SceneDelegate.swift */ = {isa = PBXFileReference; lastKnownFileType = sourcecode.swift; path = SceneDelegate.swift; sourceTree = "<group>"; };
		FAFAA04024E0A6C70080F20F /* ContentView.swift */ = {isa = PBXFileReference; lastKnownFileType = sourcecode.swift; path = ContentView.swift; sourceTree = "<group>"; };
		FAFAA04224E0A6C90080F20F /* Assets.xcassets */ = {isa = PBXFileReference; lastKnownFileType = folder.assetcatalog; path = Assets.xcassets; sourceTree = "<group>"; };
		FAFAA04524E0A6C90080F20F /* Preview Assets.xcassets */ = {isa = PBXFileReference; lastKnownFileType = folder.assetcatalog; path = "Preview Assets.xcassets"; sourceTree = "<group>"; };
		FAFAA04824E0A6C90080F20F /* Base */ = {isa = PBXFileReference; lastKnownFileType = file.storyboard; name = Base; path = Base.lproj/LaunchScreen.storyboard; sourceTree = "<group>"; };
		FAFAA04A24E0A6C90080F20F /* Info.plist */ = {isa = PBXFileReference; lastKnownFileType = text.plist.xml; path = Info.plist; sourceTree = "<group>"; };
/* End PBXFileReference section */

/* Begin PBXFrameworksBuildPhase section */
		FAFAA03624E0A6C70080F20F /* Frameworks */ = {
			isa = PBXFrameworksBuildPhase;
			buildActionMask = 2147483647;
			files = (
			);
			runOnlyForDeploymentPostprocessing = 0;
		};
/* End PBXFrameworksBuildPhase section */

/* Begin PBXGroup section */
		FAFAA03024E0A6C70080F20F = {
			isa = PBXGroup;
			children = (
				FAFAA03B24E0A6C70080F20F /* EmojiArt */,
				FAFAA03A24E0A6C70080F20F /* Products */,
			);
			sourceTree = "<group>";
		};
		FAFAA03A24E0A6C70080F20F /* Products */ = {
			isa = PBXGroup;
			children = (
				FAFAA03924E0A6C70080F20F /* EmojiArt.app */,
			);
			name = Products;
			sourceTree = "<group>";
		};
		FAFAA03B24E0A6C70080F20F /* EmojiArt */ = {
			isa = PBXGroup;
			children = (
				FAFAA03C24E0A6C70080F20F /* AppDelegate.swift */,
				FAFAA03E24E0A6C70080F20F /* SceneDelegate.swift */,
				FAFAA04024E0A6C70080F20F /* ContentView.swift */,
				FAFAA04224E0A6C90080F20F /* Assets.xcassets */,
				FAFAA04724E0A6C90080F20F /* LaunchScreen.storyboard */,
				FAFAA04A24E0A6C90080F20F /* Info.plist */,
				FAFAA04424E0A6C90080F20F /* Preview Content */,
			);
			path = EmojiArt;
			sourceTree = "<group>";
		};
		FAFAA04424E0A6C90080F20F /* Preview Content */ = {
			isa = PBXGroup;
			children = (
				FAFAA04524E0A6C90080F20F /* Preview Assets.xcassets */,
			);
			path = "Preview Content";
			sourceTree = "<group>";
		};
/* End PBXGroup section */

/* Begin PBXNativeTarget section */
		FAFAA03824E0A6C70080F20F /* EmojiArt */ = {
			isa = PBXNativeTarget;
			buildConfigurationList = FAFAA04D24E0A6C90080F20F /* Build configuration list for PBXNativeTarget "EmojiArt" */;
			buildPhases = (
				FAFAA03524E0A6C70080F20F /* Sources */,
				FAFAA03624E0A6C70080F20F /* Frameworks */,
				FAFAA03724E0A6C70080F20F /* Resources */,
			);
			buildRules = (
			);
			dependencies = (
			);
			name = EmojiArt;
			productName = EmojiArt;
			productReference = FAFAA03924E0A6C70080F20F /* EmojiArt.app */;
			productType = "com.apple.product-type.application";
		};
/* End PBXNativeTarget section */

/* Begin PBXProject section */
		FAFAA03124E0A6C70080F20F /* Project object */ = {
			isa = PBXProject;
			attributes = {
				LastSwiftUpdateCheck = 1160;
				LastUpgradeCheck = 1160;
				ORGANIZATIONNAME = "Alex Ochigov";
				TargetAttributes = {
					FAFAA03824E0A6C70080F20F = {
						CreatedOnToolsVersion = 11.6;
					};
				};
			};
			buildConfigurationList = FAFAA03424E0A6C70080F20F /* Build configuration list for PBXProject "EmojiArt" */;
			compatibilityVersion = "Xcode 9.3";
			developmentRegion = en;
			hasScannedForEncodings = 0;
			knownRegions = (
				en,
				Base,
			);
			mainGroup = FAFAA03024E0A6C70080F20F;
			productRefGroup = FAFAA03A24E0A6C70080F20F /* Products */;
			projectDirPath = "";
			projectRoot = "";
			targets = (
				FAFAA03824E0A6C70080F20F /* EmojiArt */,
			);
		};
/* End PBXProject section */

/* Begin PBXResourcesBuildPhase section */
		FAFAA03724E0A6C70080F20F /* Resources */ = {
			isa = PBXResourcesBuildPhase;
			buildActionMask = 2147483647;
			files = (
				FAFAA04924E0A6C90080F20F /* LaunchScreen.storyboard in Resources */,
				FAFAA04624E0A6C90080F20F /* Preview Assets.xcassets in Resources */,
				FAFAA04324E0A6C90080F20F /* Assets.xcassets in Resources */,
			);
			runOnlyForDeploymentPostprocessing = 0;
		};
/* End PBXResourcesBuildPhase section */

/* Begin PBXSourcesBuildPhase section */
		FAFAA03524E0A6C70080F20F /* Sources */ = {
			isa = PBXSourcesBuildPhase;
			buildActionMask = 2147483647;
			files = (
				FAFAA03D24E0A6C70080F20F /* AppDelegate.swift in Sources */,
				FAFAA03F24E0A6C70080F20F /* SceneDelegate.swift in Sources */,
				FAFAA04124E0A6C70080F20F /* ContentView.swift in Sources */,
			);
			runOnlyForDeploymentPostprocessing = 0;
		};
/* End PBXSourcesBuildPhase section */

/* Begin PBXVariantGroup section */
		FAFAA04724E0A6C90080F20F /* LaunchScreen.storyboard */ = {
			isa = PBXVariantGroup;
			children = (
				FAFAA04824E0A6C90080F20F /* Base */,
			);
			name = LaunchScreen.storyboard;
			sourceTree = "<group>";
		};
/* End PBXVariantGroup section */

/* Begin XCBuildConfiguration section */
		FAFAA04B24E0A6C90080F20F /* Debug */ = {
			isa = XCBuildConfiguration;
			buildSettings = {
				ALWAYS_SEARCH_USER_PATHS = NO;
				CLANG_ANALYZER_NONNULL = YES;
				CLANG_ANALYZER_NUMBER_OBJECT_CONVERSION = YES_AGGRESSIVE;
				CLANG_CXX_LANGUAGE_STANDARD = "gnu++14";
				CLANG_CXX_LIBRARY = "libc++";
				CLANG_ENABLE_MODULES = YES;
				CLANG_ENABLE_OBJC_ARC = YES;
				CLANG_ENABLE_OBJC_WEAK = YES;
				CLANG_WARN_BLOCK_CAPTURE_AUTORELEASING = YES;
				CLANG_WARN_BOOL_CONVERSION = YES;
				CLANG_WARN_COMMA = YES;
				CLANG_WARN_CONSTANT_CONVERSION = YES;
				CLANG_WARN_DEPRECATED_OBJC_IMPLEMENTATIONS = YES;
				CLANG_WARN_DIRECT_OBJC_ISA_USAGE = YES_ERROR;
				CLANG_WARN_DOCUMENTATION_COMMENTS = YES;
				CLANG_WARN_EMPTY_BODY = YES;
				CLANG_WARN_ENUM_CONVERSION = YES;
				CLANG_WARN_INFINITE_RECURSION = YES;
				CLANG_WARN_INT_CONVERSION = YES;
				CLANG_WARN_NON_LITERAL_NULL_CONVERSION = YES;
				CLANG_WARN_OBJC_IMPLICIT_RETAIN_SELF = YES;
				CLANG_WARN_OBJC_LITERAL_CONVERSION = YES;
				CLANG_WARN_OBJC_ROOT_CLASS = YES_ERROR;
				CLANG_WARN_RANGE_LOOP_ANALYSIS = YES;
				CLANG_WARN_STRICT_PROTOTYPES = YES;
				CLANG_WARN_SUSPICIOUS_MOVE = YES;
				CLANG_WARN_UNGUARDED_AVAILABILITY = YES_AGGRESSIVE;
				CLANG_WARN_UNREACHABLE_CODE = YES;
				CLANG_WARN__DUPLICATE_METHOD_MATCH = YES;
				COPY_PHASE_STRIP = NO;
				DEBUG_INFORMATION_FORMAT = dwarf;
				ENABLE_STRICT_OBJC_MSGSEND = YES;
				ENABLE_TESTABILITY = YES;
				GCC_C_LANGUAGE_STANDARD = gnu11;
				GCC_DYNAMIC_NO_PIC = NO;
				GCC_NO_COMMON_BLOCKS = YES;
				GCC_OPTIMIZATION_LEVEL = 0;
				GCC_PREPROCESSOR_DEFINITIONS = (
					"DEBUG=1",
					"$(inherited)",
				);
				GCC_WARN_64_TO_32_BIT_CONVERSION = YES;
				GCC_WARN_ABOUT_RETURN_TYPE = YES_ERROR;
				GCC_WARN_UNDECLARED_SELECTOR = YES;
				GCC_WARN_UNINITIALIZED_AUTOS = YES_AGGRESSIVE;
				GCC_WARN_UNUSED_FUNCTION = YES;
				GCC_WARN_UNUSED_VARIABLE = YES;
				IPHONEOS_DEPLOYMENT_TARGET = 13.6;
				MTL_ENABLE_DEBUG_INFO = INCLUDE_SOURCE;
				MTL_FAST_MATH = YES;
				ONLY_ACTIVE_ARCH = YES;
				SDKROOT = iphoneos;
				SWIFT_ACTIVE_COMPILATION_CONDITIONS = DEBUG;
				SWIFT_OPTIMIZATION_LEVEL = "-Onone";
			};
			name = Debug;
		};
		FAFAA04C24E0A6C90080F20F /* Release */ = {
			isa = XCBuildConfiguration;
			buildSettings = {
				ALWAYS_SEARCH_USER_PATHS = NO;
				CLANG_ANALYZER_NONNULL = YES;
				CLANG_ANALYZER_NUMBER_OBJECT_CONVERSION = YES_AGGRESSIVE;
				CLANG_CXX_LANGUAGE_STANDARD = "gnu++14";
				CLANG_CXX_LIBRARY = "libc++";
				CLANG_ENABLE_MODULES = YES;
				CLANG_ENABLE_OBJC_ARC = YES;
				CLANG_ENABLE_OBJC_WEAK = YES;
				CLANG_WARN_BLOCK_CAPTURE_AUTORELEASING = YES;
				CLANG_WARN_BOOL_CONVERSION = YES;
				CLANG_WARN_COMMA = YES;
				CLANG_WARN_CONSTANT_CONVERSION = YES;
				CLANG_WARN_DEPRECATED_OBJC_IMPLEMENTATIONS = YES;
				CLANG_WARN_DIRECT_OBJC_ISA_USAGE = YES_ERROR;
				CLANG_WARN_DOCUMENTATION_COMMENTS = YES;
				CLANG_WARN_EMPTY_BODY = YES;
				CLANG_WARN_ENUM_CONVERSION = YES;
				CLANG_WARN_INFINITE_RECURSION = YES;
				CLANG_WARN_INT_CONVERSION = YES;
				CLANG_WARN_NON_LITERAL_NULL_CONVERSION = YES;
				CLANG_WARN_OBJC_IMPLICIT_RETAIN_SELF = YES;
				CLANG_WARN_OBJC_LITERAL_CONVERSION = YES;
				CLANG_WARN_OBJC_ROOT_CLASS = YES_ERROR;
				CLANG_WARN_RANGE_LOOP_ANALYSIS = YES;
				CLANG_WARN_STRICT_PROTOTYPES = YES;
				CLANG_WARN_SUSPICIOUS_MOVE = YES;
				CLANG_WARN_UNGUARDED_AVAILABILITY = YES_AGGRESSIVE;
				CLANG_WARN_UNREACHABLE_CODE = YES;
				CLANG_WARN__DUPLICATE_METHOD_MATCH = YES;
				COPY_PHASE_STRIP = NO;
				DEBUG_INFORMATION_FORMAT = "dwarf-with-dsym";
				ENABLE_NS_ASSERTIONS = NO;
				ENABLE_STRICT_OBJC_MSGSEND = YES;
				GCC_C_LANGUAGE_STANDARD = gnu11;
				GCC_NO_COMMON_BLOCKS = YES;
				GCC_WARN_64_TO_32_BIT_CONVERSION = YES;
				GCC_WARN_ABOUT_RETURN_TYPE = YES_ERROR;
				GCC_WARN_UNDECLARED_SELECTOR = YES;
				GCC_WARN_UNINITIALIZED_AUTOS = YES_AGGRESSIVE;
				GCC_WARN_UNUSED_FUNCTION = YES;
				GCC_WARN_UNUSED_VARIABLE = YES;
				IPHONEOS_DEPLOYMENT_TARGET = 13.6;
				MTL_ENABLE_DEBUG_INFO = NO;
				MTL_FAST_MATH = YES;
				SDKROOT = iphoneos;
				SWIFT_COMPILATION_MODE = wholemodule;
				SWIFT_OPTIMIZATION_LEVEL = "-O";
				VALIDATE_PRODUCT = YES;
			};
			name = Release;
		};
		FAFAA04E24E0A6C90080F20F /* Debug */ = {
			isa = XCBuildConfiguration;
			buildSettings = {
				ASSETCATALOG_COMPILER_APPICON_NAME = AppIcon;
				CODE_SIGN_STYLE = Automatic;
				DEVELOPMENT_ASSET_PATHS = "\"EmojiArt/Preview Content\"";
				DEVELOPMENT_TEAM = 8Z34XVTQV3;
				ENABLE_PREVIEWS = YES;
				INFOPLIST_FILE = EmojiArt/Info.plist;
				LD_RUNPATH_SEARCH_PATHS = (
					"$(inherited)",
					"@executable_path/Frameworks",
				);
				PRODUCT_BUNDLE_IDENTIFIER = com.gmail.ochigov.alex.EmojiArt;
				PRODUCT_NAME = "$(TARGET_NAME)";
				SWIFT_VERSION = 5.0;
				TARGETED_DEVICE_FAMILY = "1,2";
			};
			name = Debug;
		};
		FAFAA04F24E0A6C90080F20F /* Release */ = {
			isa = XCBuildConfiguration;
			buildSettings = {
				ASSETCATALOG_COMPILER_APPICON_NAME = AppIcon;
				CODE_SIGN_STYLE = Automatic;
				DEVELOPMENT_ASSET_PATHS = "\"EmojiArt/Preview Content\"";
				DEVELOPMENT_TEAM = 8Z34XVTQV3;
				ENABLE_PREVIEWS = YES;
				INFOPLIST_FILE = EmojiArt/Info.plist;
				LD_RUNPATH_SEARCH_PATHS = (
					"$(inherited)",
					"@executable_path/Frameworks",
				);
				PRODUCT_BUNDLE_IDENTIFIER = com.gmail.ochigov.alex.EmojiArt;
				PRODUCT_NAME = "$(TARGET_NAME)";
				SWIFT_VERSION = 5.0;
				TARGETED_DEVICE_FAMILY = "1,2";
			};
			name = Release;
		};
/* End XCBuildConfiguration section */

/* Begin XCConfigurationList section */
		FAFAA03424E0A6C70080F20F /* Build configuration list for PBXProject "EmojiArt" */ = {
			isa = XCConfigurationList;
			buildConfigurations = (
				FAFAA04B24E0A6C90080F20F /* Debug */,
				FAFAA04C24E0A6C90080F20F /* Release */,
			);
			defaultConfigurationIsVisible = 0;
			defaultConfigurationName = Release;
		};
		FAFAA04D24E0A6C90080F20F /* Build configuration list for PBXNativeTarget "EmojiArt" */ = {
			isa = XCConfigurationList;
			buildConfigurations = (
				FAFAA04E24E0A6C90080F20F /* Debug */,
				FAFAA04F24E0A6C90080F20F /* Release */,
			);
			defaultConfigurationIsVisible = 0;
			defaultConfigurationName = Release;
		};
/* End XCConfigurationList section */
	};
	rootObject = FAFAA03124E0A6C70080F20F /* Project object */;
}
